
Microsoft Visual Studio Solution File, Format Version 12.00
# Visual Studio Version 16
VisualStudioVersion = 16.0.810.8
MinimumVisualStudioVersion = 10.0.40219.1
Project("{FAE04EC0-301F-11D3-BF4B-00C04F79EFBC}") = "my-app1", "my-app1\my-app1.csproj", "{216E2CBD-C524-4F90-B95B-DC0710BCE352}"
EndProject
Global
	GlobalSection(SolutionConfigurationPlatforms) = preSolution
		Debug|anycpu = Debug|anycpu
		Release|anycpu = Release|anycpu
	EndGlobalSection
	GlobalSection(ProjectConfigurationPlatforms) = postSolution
		{216E2CBD-C524-4F90-B95B-DC0710BCE352}.Debug|anycpu.ActiveCfg = Debug|anycpu
		{216E2CBD-C524-4F90-B95B-DC0710BCE352}.Debug|anycpu.Build.0 = Debug|anycpu
		{216E2CBD-C524-4F90-B95B-DC0710BCE352}.Release|anycpu.ActiveCfg = Release|anycpu
		{216E2CBD-C524-4F90-B95B-DC0710BCE352}.Release|anycpu.Build.0 = Release|anycpu
	EndGlobalSection
	GlobalSection(SolutionProperties) = preSolution
		HideSolutionNode = FALSE
	EndGlobalSection
	GlobalSection(ExtensibilityGlobals) = postSolution
		SolutionGuid = {E17D7341-8D58-4ED9-A2E7-B5E1AD549855}
	EndGlobalSection
EndGlobal
